
Microsoft Visual Studio Solution File, Format Version 12.00
# Visual Studio 2013
VisualStudioVersion = 12.0.31101.0
MinimumVisualStudioVersion = 10.0.40219.1
Project("{FAE04EC0-301F-11D3-BF4B-00C04F79EFBC}") = "DonkeySuite.ImageServer.Api", "app\DonkeySuite.ImageServer.Api\DonkeySuite.ImageServer.Api.csproj", "{D216DFD8-975F-4A03-A192-C8EF49B5F930}"
EndProject
Project("{FAE04EC0-301F-11D3-BF4B-00C04F79EFBC}") = "DonkeySuite.DesktopMonitor.Wpf", "app\DonkeySuite.DesktopMonitor.Wpf\DonkeySuite.DesktopMonitor.Wpf.csproj", "{6EE312F1-85E0-497E-9553-4E0A4D8F90C4}"
	ProjectSection(ProjectDependencies) = postProject
		{D216DFD8-975F-4A03-A192-C8EF49B5F930} = {D216DFD8-975F-4A03-A192-C8EF49B5F930}
	EndProjectSection
EndProject
Project("{FAE04EC0-301F-11D3-BF4B-00C04F79EFBC}") = "DonkeySuite.DesktopMonitor.Domain", "app\DonkeySuite.DesktopMonitor.Domain\DonkeySuite.DesktopMonitor.Domain.csproj", "{F284CAB2-54E4-4918-B691-FB5923103225}"
EndProject
Project("{2150E333-8FDC-42A3-9474-1A3956D46DE8}") = "Tests", "Tests", "{BDE32A9B-D0A1-434A-863E-1F7EF0682E3C}"
EndProject
Project("{FAE04EC0-301F-11D3-BF4B-00C04F79EFBC}") = "DonkeySuite.Tests.DesktopMonitor.Domain", "app\Tests\DonkeySuite.Tests.DesktopMonitor.Domain\DonkeySuite.Tests.DesktopMonitor.Domain.csproj", "{FEE03E44-C0C9-4C73-9B45-6FC34B8B5E00}"
EndProject
Project("{FAE04EC0-301F-11D3-BF4B-00C04F79EFBC}") = "MadDonkeySoftware.SystemWrappers", "app\MadDonkeySoftware.SystemWrappers\MadDonkeySoftware.SystemWrappers.csproj", "{E088CE6A-F788-4F7F-A06A-E356FD7645CB}"
EndProject
Project("{FAE04EC0-301F-11D3-BF4B-00C04F79EFBC}") = "DonkeySuite.Tests.DesktopMonitor.Wpf", "app\Tests\DonkeySuite.Tests.DesktopMonitor.Wpf\DonkeySuite.Tests.DesktopMonitor.Wpf.csproj", "{A3E36F83-A489-4C80-9723-15C6A5184769}"
EndProject
Global
	GlobalSection(SolutionConfigurationPlatforms) = preSolution
		Debug|Any CPU = Debug|Any CPU
		Release|Any CPU = Release|Any CPU
	EndGlobalSection
	GlobalSection(ProjectConfigurationPlatforms) = postSolution
		{D216DFD8-975F-4A03-A192-C8EF49B5F930}.Debug|Any CPU.ActiveCfg = Debug|Any CPU
		{D216DFD8-975F-4A03-A192-C8EF49B5F930}.Debug|Any CPU.Build.0 = Debug|Any CPU
		{D216DFD8-975F-4A03-A192-C8EF49B5F930}.Release|Any CPU.ActiveCfg = Release|Any CPU
		{D216DFD8-975F-4A03-A192-C8EF49B5F930}.Release|Any CPU.Build.0 = Release|Any CPU
		{6EE312F1-85E0-497E-9553-4E0A4D8F90C4}.Debug|Any CPU.ActiveCfg = Debug|Any CPU
		{6EE312F1-85E0-497E-9553-4E0A4D8F90C4}.Debug|Any CPU.Build.0 = Debug|Any CPU
		{6EE312F1-85E0-497E-9553-4E0A4D8F90C4}.Release|Any CPU.ActiveCfg = Release|Any CPU
		{6EE312F1-85E0-497E-9553-4E0A4D8F90C4}.Release|Any CPU.Build.0 = Release|Any CPU
		{F284CAB2-54E4-4918-B691-FB5923103225}.Debug|Any CPU.ActiveCfg = Debug|Any CPU
		{F284CAB2-54E4-4918-B691-FB5923103225}.Debug|Any CPU.Build.0 = Debug|Any CPU
		{F284CAB2-54E4-4918-B691-FB5923103225}.Release|Any CPU.ActiveCfg = Release|Any CPU
		{F284CAB2-54E4-4918-B691-FB5923103225}.Release|Any CPU.Build.0 = Release|Any CPU
		{FEE03E44-C0C9-4C73-9B45-6FC34B8B5E00}.Debug|Any CPU.ActiveCfg = Debug|Any CPU
		{FEE03E44-C0C9-4C73-9B45-6FC34B8B5E00}.Debug|Any CPU.Build.0 = Debug|Any CPU
		{FEE03E44-C0C9-4C73-9B45-6FC34B8B5E00}.Release|Any CPU.ActiveCfg = Release|Any CPU
		{FEE03E44-C0C9-4C73-9B45-6FC34B8B5E00}.Release|Any CPU.Build.0 = Release|Any CPU
		{E088CE6A-F788-4F7F-A06A-E356FD7645CB}.Debug|Any CPU.ActiveCfg = Debug|Any CPU
		{E088CE6A-F788-4F7F-A06A-E356FD7645CB}.Debug|Any CPU.Build.0 = Debug|Any CPU
		{E088CE6A-F788-4F7F-A06A-E356FD7645CB}.Release|Any CPU.ActiveCfg = Release|Any CPU
		{E088CE6A-F788-4F7F-A06A-E356FD7645CB}.Release|Any CPU.Build.0 = Release|Any CPU
		{A3E36F83-A489-4C80-9723-15C6A5184769}.Debug|Any CPU.ActiveCfg = Debug|Any CPU
		{A3E36F83-A489-4C80-9723-15C6A5184769}.Debug|Any CPU.Build.0 = Debug|Any CPU
		{A3E36F83-A489-4C80-9723-15C6A5184769}.Release|Any CPU.ActiveCfg = Release|Any CPU
		{A3E36F83-A489-4C80-9723-15C6A5184769}.Release|Any CPU.Build.0 = Release|Any CPU
	EndGlobalSection
	GlobalSection(SolutionProperties) = preSolution
		HideSolutionNode = FALSE
	EndGlobalSection
	GlobalSection(NestedProjects) = preSolution
		{FEE03E44-C0C9-4C73-9B45-6FC34B8B5E00} = {BDE32A9B-D0A1-434A-863E-1F7EF0682E3C}
		{A3E36F83-A489-4C80-9723-15C6A5184769} = {BDE32A9B-D0A1-434A-863E-1F7EF0682E3C}
	EndGlobalSection
EndGlobal
